
Microsoft Visual Studio Solution File, Format Version 12.00
# Visual Studio Version 17
VisualStudioVersion = 17.4.32804.182
MinimumVisualStudioVersion = 10.0.40219.1
Project("{9A19103F-16F7-4668-BE54-9A1E7A4F7556}") = "Server", "Server\Server.csproj", "{76C2D1A1-ECED-469A-A9B4-173DD61FD21E}"
EndProject
Project("{9A19103F-16F7-4668-BE54-9A1E7A4F7556}") = "Client", "Client\Client.csproj", "{2DB2764F-6A2C-4CAF-B48A-3868A3726A21}"
EndProject
Project("{9A19103F-16F7-4668-BE54-9A1E7A4F7556}") = "Shared", "Shared\Shared.csproj", "{32B7AD6B-C1D9-46AE-BA8A-E2F05E06E935}"
EndProject
Global
	GlobalSection(SolutionConfigurationPlatforms) = preSolution
		Debug|Any CPU = Debug|Any CPU
		Release|Any CPU = Release|Any CPU
	EndGlobalSection
	GlobalSection(ProjectConfigurationPlatforms) = postSolution
		{76C2D1A1-ECED-469A-A9B4-173DD61FD21E}.Debug|Any CPU.ActiveCfg = Debug|Any CPU
		{76C2D1A1-ECED-469A-A9B4-173DD61FD21E}.Debug|Any CPU.Build.0 = Debug|Any CPU
		{76C2D1A1-ECED-469A-A9B4-173DD61FD21E}.Release|Any CPU.ActiveCfg = Release|Any CPU
		{76C2D1A1-ECED-469A-A9B4-173DD61FD21E}.Release|Any CPU.Build.0 = Release|Any CPU
		{2DB2764F-6A2C-4CAF-B48A-3868A3726A21}.Debug|Any CPU.ActiveCfg = Debug|Any CPU
		{2DB2764F-6A2C-4CAF-B48A-3868A3726A21}.Debug|Any CPU.Build.0 = Debug|Any CPU
		{2DB2764F-6A2C-4CAF-B48A-3868A3726A21}.Release|Any CPU.ActiveCfg = Release|Any CPU
		{2DB2764F-6A2C-4CAF-B48A-3868A3726A21}.Release|Any CPU.Build.0 = Release|Any CPU
		{32B7AD6B-C1D9-46AE-BA8A-E2F05E06E935}.Debug|Any CPU.ActiveCfg = Debug|Any CPU
		{32B7AD6B-C1D9-46AE-BA8A-E2F05E06E935}.Debug|Any CPU.Build.0 = Debug|Any CPU
		{32B7AD6B-C1D9-46AE-BA8A-E2F05E06E935}.Release|Any CPU.ActiveCfg = Release|Any CPU
		{32B7AD6B-C1D9-46AE-BA8A-E2F05E06E935}.Release|Any CPU.Build.0 = Release|Any CPU
	EndGlobalSection
	GlobalSection(SolutionProperties) = preSolution
		HideSolutionNode = FALSE
	EndGlobalSection
	GlobalSection(ExtensibilityGlobals) = postSolution
		SolutionGuid = {2C48264E-1BF9-476F-B6BC-1DA27561C639}
	EndGlobalSection
EndGlobal
